// !$*UTF8*$!
{
	archiveVersion = 1;
	classes = {
	};
	objectVersion = 46;
	objects = {

/* Begin PBXBuildFile section */
		630CFECB164BBEB900B98BF4 /* UIKit.framework in Frameworks */ = {isa = PBXBuildFile; fileRef = 630CFECA164BBEB900B98BF4 /* UIKit.framework */; };
		630CFECD164BBEB900B98BF4 /* Foundation.framework in Frameworks */ = {isa = PBXBuildFile; fileRef = 630CFECC164BBEB900B98BF4 /* Foundation.framework */; };
		630CFECF164BBEB900B98BF4 /* CoreGraphics.framework in Frameworks */ = {isa = PBXBuildFile; fileRef = 630CFECE164BBEB900B98BF4 /* CoreGraphics.framework */; };
		630CFED5164BBEB900B98BF4 /* InfoPlist.strings in Resources */ = {isa = PBXBuildFile; fileRef = 630CFED3164BBEB900B98BF4 /* InfoPlist.strings */; };
		630CFED7164BBEB900B98BF4 /* main.m in Sources */ = {isa = PBXBuildFile; fileRef = 630CFED6164BBEB900B98BF4 /* main.m */; };
		630CFEDB164BBEB900B98BF4 /* AppDelegate.m in Sources */ = {isa = PBXBuildFile; fileRef = 630CFEDA164BBEB900B98BF4 /* AppDelegate.m */; };
		630CFEDD164BBEB900B98BF4 /* Default.png in Resources */ = {isa = PBXBuildFile; fileRef = 630CFEDC164BBEB900B98BF4 /* Default.png */; };
		630CFEDF164BBEB900B98BF4 /* Default@2x.png in Resources */ = {isa = PBXBuildFile; fileRef = 630CFEDE164BBEB900B98BF4 /* Default@2x.png */; };
		630CFEE1164BBEB900B98BF4 /* Default-568h@2x.png in Resources */ = {isa = PBXBuildFile; fileRef = 630CFEE0164BBEB900B98BF4 /* Default-568h@2x.png */; };
		630CFEE4164BBEB900B98BF4 /* ViewController.m in Sources */ = {isa = PBXBuildFile; fileRef = 630CFEE3164BBEB900B98BF4 /* ViewController.m */; };
		630CFEE7164BBEBA00B98BF4 /* ViewController.xib in Resources */ = {isa = PBXBuildFile; fileRef = 630CFEE5164BBEBA00B98BF4 /* ViewController.xib */; };
		630CFEEF164BBED700B98BF4 /* Pull-to-RefreshViewController.m in Sources */ = {isa = PBXBuildFile; fileRef = 630CFEEE164BBED700B98BF4 /* Pull-to-RefreshViewController.m */; };
/* End PBXBuildFile section */

/* Begin PBXFileReference section */
		630CFEC6164BBEB900B98BF4 /* Pull-to-Refresh.app */ = {isa = PBXFileReference; explicitFileType = wrapper.application; includeInIndex = 0; path = "Pull-to-Refresh.app"; sourceTree = BUILT_PRODUCTS_DIR; };
		630CFECA164BBEB900B98BF4 /* UIKit.framework */ = {isa = PBXFileReference; lastKnownFileType = wrapper.framework; name = UIKit.framework; path = System/Library/Frameworks/UIKit.framework; sourceTree = SDKROOT; };
		630CFECC164BBEB900B98BF4 /* Foundation.framework */ = {isa = PBXFileReference; lastKnownFileType = wrapper.framework; name = Foundation.framework; path = System/Library/Frameworks/Foundation.framework; sourceTree = SDKROOT; };
		630CFECE164BBEB900B98BF4 /* CoreGraphics.framework */ = {isa = PBXFileReference; lastKnownFileType = wrapper.framework; name = CoreGraphics.framework; path = System/Library/Frameworks/CoreGraphics.framework; sourceTree = SDKROOT; };
		630CFED2164BBEB900B98BF4 /* Pull-to-Refresh-Info.plist */ = {isa = PBXFileReference; lastKnownFileType = text.plist.xml; path = "Pull-to-Refresh-Info.plist"; sourceTree = "<group>"; };
		630CFED4164BBEB900B98BF4 /* en */ = {isa = PBXFileReference; lastKnownFileType = text.plist.strings; name = en; path = en.lproj/InfoPlist.strings; sourceTree = "<group>"; };
		630CFED6164BBEB900B98BF4 /* main.m */ = {isa = PBXFileReference; lastKnownFileType = sourcecode.c.objc; path = main.m; sourceTree = "<group>"; };
		630CFED8164BBEB900B98BF4 /* Pull-to-Refresh-Prefix.pch */ = {isa = PBXFileReference; lastKnownFileType = sourcecode.c.h; path = "Pull-to-Refresh-Prefix.pch"; sourceTree = "<group>"; };
		630CFED9164BBEB900B98BF4 /* AppDelegate.h */ = {isa = PBXFileReference; lastKnownFileType = sourcecode.c.h; path = AppDelegate.h; sourceTree = "<group>"; };
		630CFEDA164BBEB900B98BF4 /* AppDelegate.m */ = {isa = PBXFileReference; lastKnownFileType = sourcecode.c.objc; path = AppDelegate.m; sourceTree = "<group>"; };
		630CFEDC164BBEB900B98BF4 /* Default.png */ = {isa = PBXFileReference; lastKnownFileType = image.png; path = Default.png; sourceTree = "<group>"; };
		630CFEDE164BBEB900B98BF4 /* Default@2x.png */ = {isa = PBXFileReference; lastKnownFileType = image.png; path = "Default@2x.png"; sourceTree = "<group>"; };
		630CFEE0164BBEB900B98BF4 /* Default-568h@2x.png */ = {isa = PBXFileReference; lastKnownFileType = image.png; path = "Default-568h@2x.png"; sourceTree = "<group>"; };
		630CFEE2164BBEB900B98BF4 /* ViewController.h */ = {isa = PBXFileReference; lastKnownFileType = sourcecode.c.h; path = ViewController.h; sourceTree = "<group>"; };
		630CFEE3164BBEB900B98BF4 /* ViewController.m */ = {isa = PBXFileReference; lastKnownFileType = sourcecode.c.objc; path = ViewController.m; sourceTree = "<group>"; };
		630CFEE6164BBEBA00B98BF4 /* en */ = {isa = PBXFileReference; lastKnownFileType = file.xib; name = en; path = en.lproj/ViewController.xib; sourceTree = "<group>"; };
		630CFEED164BBED700B98BF4 /* Pull-to-RefreshViewController.h */ = {isa = PBXFileReference; fileEncoding = 4; lastKnownFileType = sourcecode.c.h; path = "Pull-to-RefreshViewController.h"; sourceTree = "<group>"; };
		630CFEEE164BBED700B98BF4 /* Pull-to-RefreshViewController.m */ = {isa = PBXFileReference; fileEncoding = 4; lastKnownFileType = sourcecode.c.objc; path = "Pull-to-RefreshViewController.m"; sourceTree = "<group>"; };
/* End PBXFileReference section */

/* Begin PBXFrameworksBuildPhase section */
		630CFEC3164BBEB900B98BF4 /* Frameworks */ = {
			isa = PBXFrameworksBuildPhase;
			buildActionMask = 2147483647;
			files = (
				630CFECB164BBEB900B98BF4 /* UIKit.framework in Frameworks */,
				630CFECD164BBEB900B98BF4 /* Foundation.framework in Frameworks */,
				630CFECF164BBEB900B98BF4 /* CoreGraphics.framework in Frameworks */,
			);
			runOnlyForDeploymentPostprocessing = 0;
		};
/* End PBXFrameworksBuildPhase section */

/* Begin PBXGroup section */
		630CFEBB164BBEB900B98BF4 = {
			isa = PBXGroup;
			children = (
				630CFED0164BBEB900B98BF4 /* Pull-to-Refresh */,
				630CFEC9164BBEB900B98BF4 /* Frameworks */,
				630CFEC7164BBEB900B98BF4 /* Products */,
			);
			sourceTree = "<group>";
		};
		630CFEC7164BBEB900B98BF4 /* Products */ = {
			isa = PBXGroup;
			children = (
				630CFEC6164BBEB900B98BF4 /* Pull-to-Refresh.app */,
			);
			name = Products;
			sourceTree = "<group>";
		};
		630CFEC9164BBEB900B98BF4 /* Frameworks */ = {
			isa = PBXGroup;
			children = (
				630CFECA164BBEB900B98BF4 /* UIKit.framework */,
				630CFECC164BBEB900B98BF4 /* Foundation.framework */,
				630CFECE164BBEB900B98BF4 /* CoreGraphics.framework */,
			);
			name = Frameworks;
			sourceTree = "<group>";
		};
		630CFED0164BBEB900B98BF4 /* Pull-to-Refresh */ = {
			isa = PBXGroup;
			children = (
				630CFED9164BBEB900B98BF4 /* AppDelegate.h */,
				630CFEDA164BBEB900B98BF4 /* AppDelegate.m */,
				630CFEE2164BBEB900B98BF4 /* ViewController.h */,
				630CFEE3164BBEB900B98BF4 /* ViewController.m */,
				630CFEE5164BBEBA00B98BF4 /* ViewController.xib */,
				630CFEED164BBED700B98BF4 /* Pull-to-RefreshViewController.h */,
				630CFEEE164BBED700B98BF4 /* Pull-to-RefreshViewController.m */,
				630CFED1164BBEB900B98BF4 /* Supporting Files */,
			);
			path = "Pull-to-Refresh";
			sourceTree = "<group>";
		};
		630CFED1164BBEB900B98BF4 /* Supporting Files */ = {
			isa = PBXGroup;
			children = (
				630CFED2164BBEB900B98BF4 /* Pull-to-Refresh-Info.plist */,
				630CFED3164BBEB900B98BF4 /* InfoPlist.strings */,
				630CFED6164BBEB900B98BF4 /* main.m */,
				630CFED8164BBEB900B98BF4 /* Pull-to-Refresh-Prefix.pch */,
				630CFEDC164BBEB900B98BF4 /* Default.png */,
				630CFEDE164BBEB900B98BF4 /* Default@2x.png */,
				630CFEE0164BBEB900B98BF4 /* Default-568h@2x.png */,
			);
			name = "Supporting Files";
			sourceTree = "<group>";
		};
/* End PBXGroup section */

/* Begin PBXNativeTarget section */
		630CFEC5164BBEB900B98BF4 /* Pull-to-Refresh */ = {
			isa = PBXNativeTarget;
			buildConfigurationList = 630CFEEA164BBEBA00B98BF4 /* Build configuration list for PBXNativeTarget "Pull-to-Refresh" */;
			buildPhases = (
				630CFEC2164BBEB900B98BF4 /* Sources */,
				630CFEC3164BBEB900B98BF4 /* Frameworks */,
				630CFEC4164BBEB900B98BF4 /* Resources */,
			);
			buildRules = (
			);
			dependencies = (
			);
			name = "Pull-to-Refresh";
			productName = "Pull-to-Refresh";
			productReference = 630CFEC6164BBEB900B98BF4 /* Pull-to-Refresh.app */;
			productType = "com.apple.product-type.application";
		};
/* End PBXNativeTarget section */

/* Begin PBXProject section */
		630CFEBD164BBEB900B98BF4 /* Project object */ = {
			isa = PBXProject;
			attributes = {
				LastUpgradeCheck = 0450;
			};
			buildConfigurationList = 630CFEC0164BBEB900B98BF4 /* Build configuration list for PBXProject "Pull-to-Refresh" */;
			compatibilityVersion = "Xcode 3.2";
			developmentRegion = English;
			hasScannedForEncodings = 0;
			knownRegions = (
				en,
			);
			mainGroup = 630CFEBB164BBEB900B98BF4;
			productRefGroup = 630CFEC7164BBEB900B98BF4 /* Products */;
			projectDirPath = "";
			projectRoot = "";
			targets = (
				630CFEC5164BBEB900B98BF4 /* Pull-to-Refresh */,
			);
		};
/* End PBXProject section */

/* Begin PBXResourcesBuildPhase section */
		630CFEC4164BBEB900B98BF4 /* Resources */ = {
			isa = PBXResourcesBuildPhase;
			buildActionMask = 2147483647;
			files = (
				630CFED5164BBEB900B98BF4 /* InfoPlist.strings in Resources */,
				630CFEDD164BBEB900B98BF4 /* Default.png in Resources */,
				630CFEDF164BBEB900B98BF4 /* Default@2x.png in Resources */,
				630CFEE1164BBEB900B98BF4 /* Default-568h@2x.png in Resources */,
				630CFEE7164BBEBA00B98BF4 /* ViewController.xib in Resources */,
			);
			runOnlyForDeploymentPostprocessing = 0;
		};
/* End PBXResourcesBuildPhase section */

/* Begin PBXSourcesBuildPhase section */
		630CFEC2164BBEB900B98BF4 /* Sources */ = {
			isa = PBXSourcesBuildPhase;
			buildActionMask = 2147483647;
			files = (
				630CFED7164BBEB900B98BF4 /* main.m in Sources */,
				630CFEDB164BBEB900B98BF4 /* AppDelegate.m in Sources */,
				630CFEE4164BBEB900B98BF4 /* ViewController.m in Sources */,
				630CFEEF164BBED700B98BF4 /* Pull-to-RefreshViewController.m in Sources */,
			);
			runOnlyForDeploymentPostprocessing = 0;
		};
/* End PBXSourcesBuildPhase section */

/* Begin PBXVariantGroup section */
		630CFED3164BBEB900B98BF4 /* InfoPlist.strings */ = {
			isa = PBXVariantGroup;
			children = (
				630CFED4164BBEB900B98BF4 /* en */,
			);
			name = InfoPlist.strings;
			sourceTree = "<group>";
		};
		630CFEE5164BBEBA00B98BF4 /* ViewController.xib */ = {
			isa = PBXVariantGroup;
			children = (
				630CFEE6164BBEBA00B98BF4 /* en */,
			);
			name = ViewController.xib;
			sourceTree = "<group>";
		};
/* End PBXVariantGroup section */

/* Begin XCBuildConfiguration section */
		630CFEE8164BBEBA00B98BF4 /* Debug */ = {
			isa = XCBuildConfiguration;
			buildSettings = {
				ALWAYS_SEARCH_USER_PATHS = NO;
				CLANG_CXX_LANGUAGE_STANDARD = "gnu++0x";
				CLANG_CXX_LIBRARY = "libc++";
				CLANG_WARN_EMPTY_BODY = YES;
				CLANG_WARN__DUPLICATE_METHOD_MATCH = YES;
				"CODE_SIGN_IDENTITY[sdk=iphoneos*]" = "iPhone Developer";
				COPY_PHASE_STRIP = NO;
				GCC_C_LANGUAGE_STANDARD = gnu99;
				GCC_DYNAMIC_NO_PIC = NO;
				GCC_OPTIMIZATION_LEVEL = 0;
				GCC_PREPROCESSOR_DEFINITIONS = (
					"DEBUG=1",
					"$(inherited)",
				);
				GCC_SYMBOLS_PRIVATE_EXTERN = NO;
				GCC_WARN_ABOUT_RETURN_TYPE = YES;
				GCC_WARN_UNINITIALIZED_AUTOS = YES;
				GCC_WARN_UNUSED_VARIABLE = YES;
				IPHONEOS_DEPLOYMENT_TARGET = 6.0;
				SDKROOT = iphoneos;
			};
			name = Debug;
		};
		630CFEE9164BBEBA00B98BF4 /* Release */ = {
			isa = XCBuildConfiguration;
			buildSettings = {
				ALWAYS_SEARCH_USER_PATHS = NO;
				CLANG_CXX_LANGUAGE_STANDARD = "gnu++0x";
				CLANG_CXX_LIBRARY = "libc++";
				CLANG_WARN_EMPTY_BODY = YES;
				CLANG_WARN__DUPLICATE_METHOD_MATCH = YES;
				"CODE_SIGN_IDENTITY[sdk=iphoneos*]" = "iPhone Developer";
				COPY_PHASE_STRIP = YES;
				GCC_C_LANGUAGE_STANDARD = gnu99;
				GCC_WARN_ABOUT_RETURN_TYPE = YES;
				GCC_WARN_UNINITIALIZED_AUTOS = YES;
				GCC_WARN_UNUSED_VARIABLE = YES;
				IPHONEOS_DEPLOYMENT_TARGET = 6.0;
				OTHER_CFLAGS = "-DNS_BLOCK_ASSERTIONS=1";
				SDKROOT = iphoneos;
				VALIDATE_PRODUCT = YES;
			};
			name = Release;
		};
		630CFEEB164BBEBA00B98BF4 /* Debug */ = {
			isa = XCBuildConfiguration;
			buildSettings = {
				GCC_PRECOMPILE_PREFIX_HEADER = YES;
				GCC_PREFIX_HEADER = "Pull-to-Refresh/Pull-to-Refresh-Prefix.pch";
				INFOPLIST_FILE = "Pull-to-Refresh/Pull-to-Refresh-Info.plist";
				PRODUCT_NAME = "$(TARGET_NAME)";
				WRAPPER_EXTENSION = app;
			};
			name = Debug;
		};
		630CFEEC164BBEBA00B98BF4 /* Release */ = {
			isa = XCBuildConfiguration;
			buildSettings = {
				GCC_PRECOMPILE_PREFIX_HEADER = YES;
				GCC_PREFIX_HEADER = "Pull-to-Refresh/Pull-to-Refresh-Prefix.pch";
				INFOPLIST_FILE = "Pull-to-Refresh/Pull-to-Refresh-Info.plist";
				PRODUCT_NAME = "$(TARGET_NAME)";
				WRAPPER_EXTENSION = app;
			};
			name = Release;
		};
/* End XCBuildConfiguration section */

/* Begin XCConfigurationList section */
		630CFEC0164BBEB900B98BF4 /* Build configuration list for PBXProject "Pull-to-Refresh" */ = {
			isa = XCConfigurationList;
			buildConfigurations = (
				630CFEE8164BBEBA00B98BF4 /* Debug */,
				630CFEE9164BBEBA00B98BF4 /* Release */,
			);
			defaultConfigurationIsVisible = 0;
			defaultConfigurationName = Release;
		};
		630CFEEA164BBEBA00B98BF4 /* Build configuration list for PBXNativeTarget "Pull-to-Refresh" */ = {
			isa = XCConfigurationList;
			buildConfigurations = (
				630CFEEB164BBEBA00B98BF4 /* Debug */,
				630CFEEC164BBEBA00B98BF4 /* Release */,
			);
			defaultConfigurationIsVisible = 0;
		};
/* End XCConfigurationList section */
	};
	rootObject = 630CFEBD164BBEB900B98BF4 /* Project object */;
}
