// !$*UTF8*$!
{
	archiveVersion = 1;
	classes = {
	};
	objectVersion = 45;
	objects = {

/* Begin PBXBuildFile section */
		0A9EB8271239277B00C7F37B /* JSBridge.js in Resources */ = {isa = PBXBuildFile; fileRef = 0A9EB8241239277B00C7F37B /* JSBridge.js */; };
		0A9EB8281239277B00C7F37B /* JSBridgeWebView.m in Sources */ = {isa = PBXBuildFile; fileRef = 0A9EB8261239277B00C7F37B /* JSBridgeWebView.m */; };
		0A9EB8381239279600C7F37B /* mask0.jpg in Resources */ = {isa = PBXBuildFile; fileRef = 0A9EB82A1239279600C7F37B /* mask0.jpg */; };
		0A9EB8391239279600C7F37B /* mask1.jpg in Resources */ = {isa = PBXBuildFile; fileRef = 0A9EB82B1239279600C7F37B /* mask1.jpg */; };
		0A9EB83A1239279600C7F37B /* mask2.jpg in Resources */ = {isa = PBXBuildFile; fileRef = 0A9EB82C1239279600C7F37B /* mask2.jpg */; };
		0A9EB83B1239279600C7F37B /* mask3.jpg in Resources */ = {isa = PBXBuildFile; fileRef = 0A9EB82D1239279600C7F37B /* mask3.jpg */; };
		0A9EB83C1239279600C7F37B /* mask4.jpg in Resources */ = {isa = PBXBuildFile; fileRef = 0A9EB82E1239279600C7F37B /* mask4.jpg */; };
		0A9EB83D1239279600C7F37B /* mask5.jpg in Resources */ = {isa = PBXBuildFile; fileRef = 0A9EB82F1239279600C7F37B /* mask5.jpg */; };
		0A9EB83E1239279600C7F37B /* masks.html in Resources */ = {isa = PBXBuildFile; fileRef = 0A9EB8301239279600C7F37B /* masks.html */; };
		0A9EB83F1239279600C7F37B /* pic0.jpg in Resources */ = {isa = PBXBuildFile; fileRef = 0A9EB8311239279600C7F37B /* pic0.jpg */; };
		0A9EB8401239279600C7F37B /* pic1.jpg in Resources */ = {isa = PBXBuildFile; fileRef = 0A9EB8321239279600C7F37B /* pic1.jpg */; };
		0A9EB8411239279600C7F37B /* pic2.JPG in Resources */ = {isa = PBXBuildFile; fileRef = 0A9EB8331239279600C7F37B /* pic2.JPG */; };
		0A9EB8421239279600C7F37B /* pic3.jpg in Resources */ = {isa = PBXBuildFile; fileRef = 0A9EB8341239279600C7F37B /* pic3.jpg */; };
		0A9EB8431239279600C7F37B /* pic4.jpg in Resources */ = {isa = PBXBuildFile; fileRef = 0A9EB8351239279600C7F37B /* pic4.jpg */; };
		0A9EB8441239279600C7F37B /* pic5.jpg in Resources */ = {isa = PBXBuildFile; fileRef = 0A9EB8361239279600C7F37B /* pic5.jpg */; };
		0A9EB8451239279600C7F37B /* pics.html in Resources */ = {isa = PBXBuildFile; fileRef = 0A9EB8371239279600C7F37B /* pics.html */; };
		0A9EB86412392EF800C7F37B /* ImageViewerController.m in Sources */ = {isa = PBXBuildFile; fileRef = 0A9EB86212392EF800C7F37B /* ImageViewerController.m */; };
		0A9EB86512392EF800C7F37B /* ImageViewerController.xib in Resources */ = {isa = PBXBuildFile; fileRef = 0A9EB86312392EF800C7F37B /* ImageViewerController.xib */; };
		0A9EB98012396FCF00C7F37B /* NSObject+SBJSON.m in Sources */ = {isa = PBXBuildFile; fileRef = 0A9EB97512396FCF00C7F37B /* NSObject+SBJSON.m */; };
		0A9EB98112396FCF00C7F37B /* NSString+SBJSON.m in Sources */ = {isa = PBXBuildFile; fileRef = 0A9EB97712396FCF00C7F37B /* NSString+SBJSON.m */; };
		0A9EB98212396FCF00C7F37B /* SBJSON.m in Sources */ = {isa = PBXBuildFile; fileRef = 0A9EB97912396FCF00C7F37B /* SBJSON.m */; };
		0A9EB98312396FCF00C7F37B /* SBJsonBase.m in Sources */ = {isa = PBXBuildFile; fileRef = 0A9EB97B12396FCF00C7F37B /* SBJsonBase.m */; };
		0A9EB98412396FCF00C7F37B /* SBJsonParser.m in Sources */ = {isa = PBXBuildFile; fileRef = 0A9EB97D12396FCF00C7F37B /* SBJsonParser.m */; };
		0A9EB98512396FCF00C7F37B /* SBJsonWriter.m in Sources */ = {isa = PBXBuildFile; fileRef = 0A9EB97F12396FCF00C7F37B /* SBJsonWriter.m */; };
		1D3623260D0F684500981E51 /* JSBridgeAppDelegate.m in Sources */ = {isa = PBXBuildFile; fileRef = 1D3623250D0F684500981E51 /* JSBridgeAppDelegate.m */; };
		1D60589B0D05DD56006BFB54 /* main.m in Sources */ = {isa = PBXBuildFile; fileRef = 29B97316FDCFA39411CA2CEA /* main.m */; };
		1D60589F0D05DD5A006BFB54 /* Foundation.framework in Frameworks */ = {isa = PBXBuildFile; fileRef = 1D30AB110D05D00D00671497 /* Foundation.framework */; };
		1DF5F4E00D08C38300B7A737 /* UIKit.framework in Frameworks */ = {isa = PBXBuildFile; fileRef = 1DF5F4DF0D08C38300B7A737 /* UIKit.framework */; };
		288765A50DF7441C002DB57D /* CoreGraphics.framework in Frameworks */ = {isa = PBXBuildFile; fileRef = 288765A40DF7441C002DB57D /* CoreGraphics.framework */; };
		2899E5220DE3E06400AC0155 /* JSBridgeViewController.xib in Resources */ = {isa = PBXBuildFile; fileRef = 2899E5210DE3E06400AC0155 /* JSBridgeViewController.xib */; };
		28AD733F0D9D9553002E5188 /* MainWindow.xib in Resources */ = {isa = PBXBuildFile; fileRef = 28AD733E0D9D9553002E5188 /* MainWindow.xib */; };
		28D7ACF80DDB3853001CB0EB /* JSBridgeViewController.m in Sources */ = {isa = PBXBuildFile; fileRef = 28D7ACF70DDB3853001CB0EB /* JSBridgeViewController.m */; };
/* End PBXBuildFile section */

/* Begin PBXFileReference section */
		0A9EB8241239277B00C7F37B /* JSBridge.js */ = {isa = PBXFileReference; fileEncoding = 4; lastKnownFileType = sourcecode.javascript; path = JSBridge.js; sourceTree = "<group>"; };
		0A9EB8251239277B00C7F37B /* JSBridgeWebView.h */ = {isa = PBXFileReference; fileEncoding = 4; lastKnownFileType = sourcecode.c.h; path = JSBridgeWebView.h; sourceTree = "<group>"; };
		0A9EB8261239277B00C7F37B /* JSBridgeWebView.m */ = {isa = PBXFileReference; fileEncoding = 4; lastKnownFileType = sourcecode.c.objc; path = JSBridgeWebView.m; sourceTree = "<group>"; };
		0A9EB82A1239279600C7F37B /* mask0.jpg */ = {isa = PBXFileReference; lastKnownFileType = image.jpeg; path = mask0.jpg; sourceTree = "<group>"; };
		0A9EB82B1239279600C7F37B /* mask1.jpg */ = {isa = PBXFileReference; lastKnownFileType = image.jpeg; path = mask1.jpg; sourceTree = "<group>"; };
		0A9EB82C1239279600C7F37B /* mask2.jpg */ = {isa = PBXFileReference; lastKnownFileType = image.jpeg; path = mask2.jpg; sourceTree = "<group>"; };
		0A9EB82D1239279600C7F37B /* mask3.jpg */ = {isa = PBXFileReference; lastKnownFileType = image.jpeg; path = mask3.jpg; sourceTree = "<group>"; };
		0A9EB82E1239279600C7F37B /* mask4.jpg */ = {isa = PBXFileReference; lastKnownFileType = image.jpeg; path = mask4.jpg; sourceTree = "<group>"; };
		0A9EB82F1239279600C7F37B /* mask5.jpg */ = {isa = PBXFileReference; lastKnownFileType = image.jpeg; path = mask5.jpg; sourceTree = "<group>"; };
		0A9EB8301239279600C7F37B /* masks.html */ = {isa = PBXFileReference; fileEncoding = 4; lastKnownFileType = text.html; path = masks.html; sourceTree = "<group>"; };
		0A9EB8311239279600C7F37B /* pic0.jpg */ = {isa = PBXFileReference; lastKnownFileType = image.jpeg; path = pic0.jpg; sourceTree = "<group>"; };
		0A9EB8321239279600C7F37B /* pic1.jpg */ = {isa = PBXFileReference; lastKnownFileType = image.jpeg; path = pic1.jpg; sourceTree = "<group>"; };
		0A9EB8331239279600C7F37B /* pic2.JPG */ = {isa = PBXFileReference; lastKnownFileType = image.jpeg; path = pic2.JPG; sourceTree = "<group>"; };
		0A9EB8341239279600C7F37B /* pic3.jpg */ = {isa = PBXFileReference; lastKnownFileType = image.jpeg; path = pic3.jpg; sourceTree = "<group>"; };
		0A9EB8351239279600C7F37B /* pic4.jpg */ = {isa = PBXFileReference; lastKnownFileType = image.jpeg; path = pic4.jpg; sourceTree = "<group>"; };
		0A9EB8361239279600C7F37B /* pic5.jpg */ = {isa = PBXFileReference; lastKnownFileType = image.jpeg; path = pic5.jpg; sourceTree = "<group>"; };
		0A9EB8371239279600C7F37B /* pics.html */ = {isa = PBXFileReference; fileEncoding = 4; lastKnownFileType = text.html; path = pics.html; sourceTree = "<group>"; };
		0A9EB86112392EF800C7F37B /* ImageViewerController.h */ = {isa = PBXFileReference; fileEncoding = 4; lastKnownFileType = sourcecode.c.h; path = ImageViewerController.h; sourceTree = "<group>"; };
		0A9EB86212392EF800C7F37B /* ImageViewerController.m */ = {isa = PBXFileReference; fileEncoding = 4; lastKnownFileType = sourcecode.c.objc; path = ImageViewerController.m; sourceTree = "<group>"; };
		0A9EB86312392EF800C7F37B /* ImageViewerController.xib */ = {isa = PBXFileReference; lastKnownFileType = file.xib; path = ImageViewerController.xib; sourceTree = "<group>"; };
		0A9EB97312396FCF00C7F37B /* JSON.h */ = {isa = PBXFileReference; fileEncoding = 4; lastKnownFileType = sourcecode.c.h; path = JSON.h; sourceTree = "<group>"; };
		0A9EB97412396FCF00C7F37B /* NSObject+SBJSON.h */ = {isa = PBXFileReference; fileEncoding = 4; lastKnownFileType = sourcecode.c.h; path = "NSObject+SBJSON.h"; sourceTree = "<group>"; };
		0A9EB97512396FCF00C7F37B /* NSObject+SBJSON.m */ = {isa = PBXFileReference; fileEncoding = 4; lastKnownFileType = sourcecode.c.objc; path = "NSObject+SBJSON.m"; sourceTree = "<group>"; };
		0A9EB97612396FCF00C7F37B /* NSString+SBJSON.h */ = {isa = PBXFileReference; fileEncoding = 4; lastKnownFileType = sourcecode.c.h; path = "NSString+SBJSON.h"; sourceTree = "<group>"; };
		0A9EB97712396FCF00C7F37B /* NSString+SBJSON.m */ = {isa = PBXFileReference; fileEncoding = 4; lastKnownFileType = sourcecode.c.objc; path = "NSString+SBJSON.m"; sourceTree = "<group>"; };
		0A9EB97812396FCF00C7F37B /* SBJSON.h */ = {isa = PBXFileReference; fileEncoding = 4; lastKnownFileType = sourcecode.c.h; path = SBJSON.h; sourceTree = "<group>"; };
		0A9EB97912396FCF00C7F37B /* SBJSON.m */ = {isa = PBXFileReference; fileEncoding = 4; lastKnownFileType = sourcecode.c.objc; path = SBJSON.m; sourceTree = "<group>"; };
		0A9EB97A12396FCF00C7F37B /* SBJsonBase.h */ = {isa = PBXFileReference; fileEncoding = 4; lastKnownFileType = sourcecode.c.h; path = SBJsonBase.h; sourceTree = "<group>"; };
		0A9EB97B12396FCF00C7F37B /* SBJsonBase.m */ = {isa = PBXFileReference; fileEncoding = 4; lastKnownFileType = sourcecode.c.objc; path = SBJsonBase.m; sourceTree = "<group>"; };
		0A9EB97C12396FCF00C7F37B /* SBJsonParser.h */ = {isa = PBXFileReference; fileEncoding = 4; lastKnownFileType = sourcecode.c.h; path = SBJsonParser.h; sourceTree = "<group>"; };
		0A9EB97D12396FCF00C7F37B /* SBJsonParser.m */ = {isa = PBXFileReference; fileEncoding = 4; lastKnownFileType = sourcecode.c.objc; path = SBJsonParser.m; sourceTree = "<group>"; };
		0A9EB97E12396FCF00C7F37B /* SBJsonWriter.h */ = {isa = PBXFileReference; fileEncoding = 4; lastKnownFileType = sourcecode.c.h; path = SBJsonWriter.h; sourceTree = "<group>"; };
		0A9EB97F12396FCF00C7F37B /* SBJsonWriter.m */ = {isa = PBXFileReference; fileEncoding = 4; lastKnownFileType = sourcecode.c.objc; path = SBJsonWriter.m; sourceTree = "<group>"; };
		1D30AB110D05D00D00671497 /* Foundation.framework */ = {isa = PBXFileReference; lastKnownFileType = wrapper.framework; name = Foundation.framework; path = System/Library/Frameworks/Foundation.framework; sourceTree = SDKROOT; };
		1D3623240D0F684500981E51 /* JSBridgeAppDelegate.h */ = {isa = PBXFileReference; fileEncoding = 4; lastKnownFileType = sourcecode.c.h; path = JSBridgeAppDelegate.h; sourceTree = "<group>"; };
		1D3623250D0F684500981E51 /* JSBridgeAppDelegate.m */ = {isa = PBXFileReference; fileEncoding = 4; lastKnownFileType = sourcecode.c.objc; path = JSBridgeAppDelegate.m; sourceTree = "<group>"; };
		1D6058910D05DD3D006BFB54 /* JSBridge.app */ = {isa = PBXFileReference; explicitFileType = wrapper.application; includeInIndex = 0; path = JSBridge.app; sourceTree = BUILT_PRODUCTS_DIR; };
		1DF5F4DF0D08C38300B7A737 /* UIKit.framework */ = {isa = PBXFileReference; lastKnownFileType = wrapper.framework; name = UIKit.framework; path = System/Library/Frameworks/UIKit.framework; sourceTree = SDKROOT; };
		288765A40DF7441C002DB57D /* CoreGraphics.framework */ = {isa = PBXFileReference; lastKnownFileType = wrapper.framework; name = CoreGraphics.framework; path = System/Library/Frameworks/CoreGraphics.framework; sourceTree = SDKROOT; };
		2899E5210DE3E06400AC0155 /* JSBridgeViewController.xib */ = {isa = PBXFileReference; lastKnownFileType = file.xib; path = JSBridgeViewController.xib; sourceTree = "<group>"; };
		28AD733E0D9D9553002E5188 /* MainWindow.xib */ = {isa = PBXFileReference; lastKnownFileType = file.xib; path = MainWindow.xib; sourceTree = "<group>"; };
		28D7ACF60DDB3853001CB0EB /* JSBridgeViewController.h */ = {isa = PBXFileReference; fileEncoding = 4; lastKnownFileType = sourcecode.c.h; path = JSBridgeViewController.h; sourceTree = "<group>"; };
		28D7ACF70DDB3853001CB0EB /* JSBridgeViewController.m */ = {isa = PBXFileReference; fileEncoding = 4; lastKnownFileType = sourcecode.c.objc; path = JSBridgeViewController.m; sourceTree = "<group>"; };
		29B97316FDCFA39411CA2CEA /* main.m */ = {isa = PBXFileReference; fileEncoding = 4; lastKnownFileType = sourcecode.c.objc; path = main.m; sourceTree = "<group>"; };
		32CA4F630368D1EE00C91783 /* JSBridge_Prefix.pch */ = {isa = PBXFileReference; fileEncoding = 4; lastKnownFileType = sourcecode.c.h; path = JSBridge_Prefix.pch; sourceTree = "<group>"; };
		8D1107310486CEB800E47090 /* JSBridge-Info.plist */ = {isa = PBXFileReference; fileEncoding = 4; lastKnownFileType = text.plist.xml; path = "JSBridge-Info.plist"; plistStructureDefinitionIdentifier = "com.apple.xcode.plist.structure-definition.iphone.info-plist"; sourceTree = "<group>"; };
/* End PBXFileReference section */

/* Begin PBXFrameworksBuildPhase section */
		1D60588F0D05DD3D006BFB54 /* Frameworks */ = {
			isa = PBXFrameworksBuildPhase;
			buildActionMask = 2147483647;
			files = (
				1D60589F0D05DD5A006BFB54 /* Foundation.framework in Frameworks */,
				1DF5F4E00D08C38300B7A737 /* UIKit.framework in Frameworks */,
				288765A50DF7441C002DB57D /* CoreGraphics.framework in Frameworks */,
			);
			runOnlyForDeploymentPostprocessing = 0;
		};
/* End PBXFrameworksBuildPhase section */

/* Begin PBXGroup section */
		080E96DDFE201D6D7F000001 /* Classes */ = {
			isa = PBXGroup;
			children = (
				0A9EB97212396FCF00C7F37B /* JSON */,
				0A9EB8231239277B00C7F37B /* jsbridge */,
				1D3623240D0F684500981E51 /* JSBridgeAppDelegate.h */,
				1D3623250D0F684500981E51 /* JSBridgeAppDelegate.m */,
				28D7ACF60DDB3853001CB0EB /* JSBridgeViewController.h */,
				28D7ACF70DDB3853001CB0EB /* JSBridgeViewController.m */,
				0A9EB86112392EF800C7F37B /* ImageViewerController.h */,
				0A9EB86212392EF800C7F37B /* ImageViewerController.m */,
				0A9EB86312392EF800C7F37B /* ImageViewerController.xib */,
			);
			path = Classes;
			sourceTree = "<group>";
		};
		0A9EB8231239277B00C7F37B /* jsbridge */ = {
			isa = PBXGroup;
			children = (
				0A9EB8241239277B00C7F37B /* JSBridge.js */,
				0A9EB8251239277B00C7F37B /* JSBridgeWebView.h */,
				0A9EB8261239277B00C7F37B /* JSBridgeWebView.m */,
			);
			path = jsbridge;
			sourceTree = SOURCE_ROOT;
		};
		0A9EB8291239279600C7F37B /* html */ = {
			isa = PBXGroup;
			children = (
				0A9EB82A1239279600C7F37B /* mask0.jpg */,
				0A9EB82B1239279600C7F37B /* mask1.jpg */,
				0A9EB82C1239279600C7F37B /* mask2.jpg */,
				0A9EB82D1239279600C7F37B /* mask3.jpg */,
				0A9EB82E1239279600C7F37B /* mask4.jpg */,
				0A9EB82F1239279600C7F37B /* mask5.jpg */,
				0A9EB8301239279600C7F37B /* masks.html */,
				0A9EB8311239279600C7F37B /* pic0.jpg */,
				0A9EB8321239279600C7F37B /* pic1.jpg */,
				0A9EB8331239279600C7F37B /* pic2.JPG */,
				0A9EB8341239279600C7F37B /* pic3.jpg */,
				0A9EB8351239279600C7F37B /* pic4.jpg */,
				0A9EB8361239279600C7F37B /* pic5.jpg */,
				0A9EB8371239279600C7F37B /* pics.html */,
			);
			path = html;
			sourceTree = "<group>";
		};
		0A9EB97212396FCF00C7F37B /* JSON */ = {
			isa = PBXGroup;
			children = (
				0A9EB97312396FCF00C7F37B /* JSON.h */,
				0A9EB97412396FCF00C7F37B /* NSObject+SBJSON.h */,
				0A9EB97512396FCF00C7F37B /* NSObject+SBJSON.m */,
				0A9EB97612396FCF00C7F37B /* NSString+SBJSON.h */,
				0A9EB97712396FCF00C7F37B /* NSString+SBJSON.m */,
				0A9EB97812396FCF00C7F37B /* SBJSON.h */,
				0A9EB97912396FCF00C7F37B /* SBJSON.m */,
				0A9EB97A12396FCF00C7F37B /* SBJsonBase.h */,
				0A9EB97B12396FCF00C7F37B /* SBJsonBase.m */,
				0A9EB97C12396FCF00C7F37B /* SBJsonParser.h */,
				0A9EB97D12396FCF00C7F37B /* SBJsonParser.m */,
				0A9EB97E12396FCF00C7F37B /* SBJsonWriter.h */,
				0A9EB97F12396FCF00C7F37B /* SBJsonWriter.m */,
			);
			path = JSON;
			sourceTree = SOURCE_ROOT;
		};
		19C28FACFE9D520D11CA2CBB /* Products */ = {
			isa = PBXGroup;
			children = (
				1D6058910D05DD3D006BFB54 /* JSBridge.app */,
			);
			name = Products;
			sourceTree = "<group>";
		};
		29B97314FDCFA39411CA2CEA /* CustomTemplate */ = {
			isa = PBXGroup;
			children = (
				080E96DDFE201D6D7F000001 /* Classes */,
				29B97315FDCFA39411CA2CEA /* Other Sources */,
				29B97317FDCFA39411CA2CEA /* Resources */,
				29B97323FDCFA39411CA2CEA /* Frameworks */,
				19C28FACFE9D520D11CA2CBB /* Products */,
			);
			name = CustomTemplate;
			sourceTree = "<group>";
		};
		29B97315FDCFA39411CA2CEA /* Other Sources */ = {
			isa = PBXGroup;
			children = (
				32CA4F630368D1EE00C91783 /* JSBridge_Prefix.pch */,
				29B97316FDCFA39411CA2CEA /* main.m */,
			);
			name = "Other Sources";
			sourceTree = "<group>";
		};
		29B97317FDCFA39411CA2CEA /* Resources */ = {
			isa = PBXGroup;
			children = (
				0A9EB8291239279600C7F37B /* html */,
				2899E5210DE3E06400AC0155 /* JSBridgeViewController.xib */,
				28AD733E0D9D9553002E5188 /* MainWindow.xib */,
				8D1107310486CEB800E47090 /* JSBridge-Info.plist */,
			);
			name = Resources;
			sourceTree = "<group>";
		};
		29B97323FDCFA39411CA2CEA /* Frameworks */ = {
			isa = PBXGroup;
			children = (
				1DF5F4DF0D08C38300B7A737 /* UIKit.framework */,
				1D30AB110D05D00D00671497 /* Foundation.framework */,
				288765A40DF7441C002DB57D /* CoreGraphics.framework */,
			);
			name = Frameworks;
			sourceTree = "<group>";
		};
/* End PBXGroup section */

/* Begin PBXNativeTarget section */
		1D6058900D05DD3D006BFB54 /* JSBridge */ = {
			isa = PBXNativeTarget;
			buildConfigurationList = 1D6058960D05DD3E006BFB54 /* Build configuration list for PBXNativeTarget "JSBridge" */;
			buildPhases = (
				1D60588D0D05DD3D006BFB54 /* Resources */,
				1D60588E0D05DD3D006BFB54 /* Sources */,
				1D60588F0D05DD3D006BFB54 /* Frameworks */,
			);
			buildRules = (
			);
			dependencies = (
			);
			name = JSBridge;
			productName = JSBridge;
			productReference = 1D6058910D05DD3D006BFB54 /* JSBridge.app */;
			productType = "com.apple.product-type.application";
		};
/* End PBXNativeTarget section */

/* Begin PBXProject section */
		29B97313FDCFA39411CA2CEA /* Project object */ = {
			isa = PBXProject;
			attributes = {
				ORGANIZATIONNAME = "Dante Torres";
			};
			buildConfigurationList = C01FCF4E08A954540054247B /* Build configuration list for PBXProject "JSBridge" */;
			compatibilityVersion = "Xcode 3.1";
			hasScannedForEncodings = 1;
			mainGroup = 29B97314FDCFA39411CA2CEA /* CustomTemplate */;
			projectDirPath = "";
			projectRoot = "";
			targets = (
				1D6058900D05DD3D006BFB54 /* JSBridge */,
			);
		};
/* End PBXProject section */

/* Begin PBXResourcesBuildPhase section */
		1D60588D0D05DD3D006BFB54 /* Resources */ = {
			isa = PBXResourcesBuildPhase;
			buildActionMask = 2147483647;
			files = (
				0A9EB8271239277B00C7F37B /* JSBridge.js in Resources */,
				28AD733F0D9D9553002E5188 /* MainWindow.xib in Resources */,
				2899E5220DE3E06400AC0155 /* JSBridgeViewController.xib in Resources */,
				0A9EB8381239279600C7F37B /* mask0.jpg in Resources */,
				0A9EB8391239279600C7F37B /* mask1.jpg in Resources */,
				0A9EB83A1239279600C7F37B /* mask2.jpg in Resources */,
				0A9EB83B1239279600C7F37B /* mask3.jpg in Resources */,
				0A9EB83C1239279600C7F37B /* mask4.jpg in Resources */,
				0A9EB83D1239279600C7F37B /* mask5.jpg in Resources */,
				0A9EB83E1239279600C7F37B /* masks.html in Resources */,
				0A9EB83F1239279600C7F37B /* pic0.jpg in Resources */,
				0A9EB8401239279600C7F37B /* pic1.jpg in Resources */,
				0A9EB8411239279600C7F37B /* pic2.JPG in Resources */,
				0A9EB8421239279600C7F37B /* pic3.jpg in Resources */,
				0A9EB8431239279600C7F37B /* pic4.jpg in Resources */,
				0A9EB8441239279600C7F37B /* pic5.jpg in Resources */,
				0A9EB8451239279600C7F37B /* pics.html in Resources */,
				0A9EB86512392EF800C7F37B /* ImageViewerController.xib in Resources */,
			);
			runOnlyForDeploymentPostprocessing = 0;
		};
/* End PBXResourcesBuildPhase section */

/* Begin PBXSourcesBuildPhase section */
		1D60588E0D05DD3D006BFB54 /* Sources */ = {
			isa = PBXSourcesBuildPhase;
			buildActionMask = 2147483647;
			files = (
				1D60589B0D05DD56006BFB54 /* main.m in Sources */,
				1D3623260D0F684500981E51 /* JSBridgeAppDelegate.m in Sources */,
				28D7ACF80DDB3853001CB0EB /* JSBridgeViewController.m in Sources */,
				0A9EB8281239277B00C7F37B /* JSBridgeWebView.m in Sources */,
				0A9EB86412392EF800C7F37B /* ImageViewerController.m in Sources */,
				0A9EB98012396FCF00C7F37B /* NSObject+SBJSON.m in Sources */,
				0A9EB98112396FCF00C7F37B /* NSString+SBJSON.m in Sources */,
				0A9EB98212396FCF00C7F37B /* SBJSON.m in Sources */,
				0A9EB98312396FCF00C7F37B /* SBJsonBase.m in Sources */,
				0A9EB98412396FCF00C7F37B /* SBJsonParser.m in Sources */,
				0A9EB98512396FCF00C7F37B /* SBJsonWriter.m in Sources */,
			);
			runOnlyForDeploymentPostprocessing = 0;
		};
/* End PBXSourcesBuildPhase section */

/* Begin XCBuildConfiguration section */
		1D6058940D05DD3E006BFB54 /* Debug */ = {
			isa = XCBuildConfiguration;
			buildSettings = {
				ALWAYS_SEARCH_USER_PATHS = NO;
				COPY_PHASE_STRIP = NO;
				GCC_DYNAMIC_NO_PIC = NO;
				GCC_OPTIMIZATION_LEVEL = 0;
				GCC_PRECOMPILE_PREFIX_HEADER = YES;
				GCC_PREFIX_HEADER = JSBridge_Prefix.pch;
				INFOPLIST_FILE = "JSBridge-Info.plist";
				PRODUCT_NAME = JSBridge;
			};
			name = Debug;
		};
		1D6058950D05DD3E006BFB54 /* Release */ = {
			isa = XCBuildConfiguration;
			buildSettings = {
				ALWAYS_SEARCH_USER_PATHS = NO;
				COPY_PHASE_STRIP = YES;
				GCC_PRECOMPILE_PREFIX_HEADER = YES;
				GCC_PREFIX_HEADER = JSBridge_Prefix.pch;
				INFOPLIST_FILE = "JSBridge-Info.plist";
				PRODUCT_NAME = JSBridge;
				VALIDATE_PRODUCT = YES;
			};
			name = Release;
		};
		C01FCF4F08A954540054247B /* Debug */ = {
			isa = XCBuildConfiguration;
			buildSettings = {
				ARCHS = "$(ARCHS_STANDARD_32_BIT)";
				"CODE_SIGN_IDENTITY[sdk=iphoneos*]" = "iPhone Developer";
				GCC_C_LANGUAGE_STANDARD = c99;
				GCC_WARN_ABOUT_RETURN_TYPE = YES;
				GCC_WARN_UNUSED_VARIABLE = YES;
				PREBINDING = NO;
				SDKROOT = iphoneos4.0;
			};
			name = Debug;
		};
		C01FCF5008A954540054247B /* Release */ = {
			isa = XCBuildConfiguration;
			buildSettings = {
				ARCHS = "$(ARCHS_STANDARD_32_BIT)";
				"CODE_SIGN_IDENTITY[sdk=iphoneos*]" = "iPhone Developer";
				GCC_C_LANGUAGE_STANDARD = c99;
				GCC_WARN_ABOUT_RETURN_TYPE = YES;
				GCC_WARN_UNUSED_VARIABLE = YES;
				OTHER_CFLAGS = "-DNS_BLOCK_ASSERTIONS=1";
				PREBINDING = NO;
				SDKROOT = iphoneos4.0;
			};
			name = Release;
		};
/* End XCBuildConfiguration section */

/* Begin XCConfigurationList section */
		1D6058960D05DD3E006BFB54 /* Build configuration list for PBXNativeTarget "JSBridge" */ = {
			isa = XCConfigurationList;
			buildConfigurations = (
				1D6058940D05DD3E006BFB54 /* Debug */,
				1D6058950D05DD3E006BFB54 /* Release */,
			);
			defaultConfigurationIsVisible = 0;
			defaultConfigurationName = Release;
		};
		C01FCF4E08A954540054247B /* Build configuration list for PBXProject "JSBridge" */ = {
			isa = XCConfigurationList;
			buildConfigurations = (
				C01FCF4F08A954540054247B /* Debug */,
				C01FCF5008A954540054247B /* Release */,
			);
			defaultConfigurationIsVisible = 0;
			defaultConfigurationName = Release;
		};
/* End XCConfigurationList section */
	};
	rootObject = 29B97313FDCFA39411CA2CEA /* Project object */;
}
